{
  "requires": true,
  "lockfileVersion": 1,
  "dependencies": {
    "mescroll-uni": {
      "version": "1.3.7",
      "resolved": "https://registry.nlark.com/mescroll-uni/download/mescroll-uni-1.3.7.tgz",
      "integrity": "sha1-azERTJIWIxXf0qwueAnC6s0V3JE="
    },
    "uni-read-pages": {
      "version": "1.0.5",
      "resolved": "https://registry.npm.taobao.org/uni-read-pages/download/uni-read-pages-1.0.5.tgz",
      "integrity": "sha1-RSyNyqiXe7rvYAkJvpJsjZcEOHw="
    },
    "uni-simple-router": {
      "version": "2.0.6",
      "resolved": "https://registry.nlark.com/uni-simple-router/download/uni-simple-router-2.0.6.tgz",
      "integrity": "sha1-9tSNbSl2bEskcbsBkZKYnnhPtoQ="
    }
  }
}
